
Microsoft Visual Studio Solution File, Format Version 12.00
# Visual Studio Version 16
VisualStudioVersion = 16.0.31402.337
MinimumVisualStudioVersion = 10.0.40219.1
Project("{FAE04EC0-301F-11D3-BF4B-00C04F79EFBC}") = "AuxinApi", "WebApplication1\AuxinApi.csproj", "{DE385D7B-0560-43B2-A24F-EC1714D05BB1}"
EndProject
Global
	GlobalSection(SolutionConfigurationPlatforms) = preSolution
		Debug|Any CPU = Debug|Any CPU
		Release|Any CPU = Release|Any CPU
	EndGlobalSection
	GlobalSection(ProjectConfigurationPlatforms) = postSolution
		{DE385D7B-0560-43B2-A24F-EC1714D05BB1}.Debug|Any CPU.ActiveCfg = Debug|Any CPU
		{DE385D7B-0560-43B2-A24F-EC1714D05BB1}.Debug|Any CPU.Build.0 = Debug|Any CPU
		{DE385D7B-0560-43B2-A24F-EC1714D05BB1}.Release|Any CPU.ActiveCfg = Release|Any CPU
		{DE385D7B-0560-43B2-A24F-EC1714D05BB1}.Release|Any CPU.Build.0 = Release|Any CPU
	EndGlobalSection
	GlobalSection(SolutionProperties) = preSolution
		HideSolutionNode = FALSE
	EndGlobalSection
	GlobalSection(ExtensibilityGlobals) = postSolution
		SolutionGuid = {38EC3C18-B074-475B-AD99-33B8077BBC2A}
	EndGlobalSection
EndGlobal
